
Microsoft Visual Studio Solution File, Format Version 12.00
# Visual Studio 2012
Project("{FAE04EC0-301F-11D3-BF4B-00C04F79EFBC}") = "TIS100-Sharp", "TIS100-Sharp\TIS100-Sharp.csproj", "{54844879-CB0E-45B6-B9E6-41A17BA1AC86}"
EndProject
Project("{FAE04EC0-301F-11D3-BF4B-00C04F79EFBC}") = "TIS100-Test", "TIS100-Test\TIS100-Test.csproj", "{201442F1-8843-418B-AFF1-73F7B559D926}"
EndProject
Project("{FAE04EC0-301F-11D3-BF4B-00C04F79EFBC}") = "Brainfuck", "Brainfuck\Brainfuck.csproj", "{C33541EB-E15D-4A5E-829F-62370E19D9B9}"
EndProject
Project("{FAE04EC0-301F-11D3-BF4B-00C04F79EFBC}") = "Brainfuck-Test", "Brainfuck-Test\Brainfuck-Test.csproj", "{24E180BA-69BC-4640-9931-9D276D17F915}"
EndProject
Project("{FAE04EC0-301F-11D3-BF4B-00C04F79EFBC}") = "enquanto", "enquanto\enquanto.csproj", "{0E4F0CCE-13B4-452D-BD87-89B87C6E773B}"
EndProject
Project("{FAE04EC0-301F-11D3-BF4B-00C04F79EFBC}") = "enquanto.Test", "enquanto.Test\enquanto.Test.csproj", "{9AB8517D-4A7B-405F-AEED-4CA0A7BD99A3}"
EndProject
Project("{FAE04EC0-301F-11D3-BF4B-00C04F79EFBC}") = "BabelFish", "BabelFish\BabelFish.csproj", "{D619B5F5-96B7-4016-A661-419C1E648371}"
EndProject
Project("{2150E333-8FDC-42A3-9474-1A3956D46DE8}") = "Solution Items", "Solution Items", "{674E2227-6DB5-4512-8BD6-9DBB562C9C3B}"
	ProjectSection(SolutionItems) = preProject
		appveyor.yml = appveyor.yml
		README.md = README.md
		NuGet.Config = NuGet.Config
	EndProjectSection
EndProject
Global
	GlobalSection(SolutionConfigurationPlatforms) = preSolution
		Debug|Any CPU = Debug|Any CPU
		Release|Any CPU = Release|Any CPU
		Release|x86 = Release|x86
	EndGlobalSection
	GlobalSection(ProjectConfigurationPlatforms) = postSolution
		{54844879-CB0E-45B6-B9E6-41A17BA1AC86}.Debug|Any CPU.ActiveCfg = Debug|Any CPU
		{54844879-CB0E-45B6-B9E6-41A17BA1AC86}.Debug|Any CPU.Build.0 = Debug|Any CPU
		{54844879-CB0E-45B6-B9E6-41A17BA1AC86}.Release|Any CPU.ActiveCfg = Release|Any CPU
		{54844879-CB0E-45B6-B9E6-41A17BA1AC86}.Release|Any CPU.Build.0 = Release|Any CPU
		{54844879-CB0E-45B6-B9E6-41A17BA1AC86}.Release|x86.ActiveCfg = Release|Any CPU
		{54844879-CB0E-45B6-B9E6-41A17BA1AC86}.Release|x86.Build.0 = Release|Any CPU
		{201442F1-8843-418B-AFF1-73F7B559D926}.Debug|Any CPU.ActiveCfg = Debug|Any CPU
		{201442F1-8843-418B-AFF1-73F7B559D926}.Debug|Any CPU.Build.0 = Debug|Any CPU
		{201442F1-8843-418B-AFF1-73F7B559D926}.Release|Any CPU.ActiveCfg = Release|Any CPU
		{201442F1-8843-418B-AFF1-73F7B559D926}.Release|Any CPU.Build.0 = Release|Any CPU
		{201442F1-8843-418B-AFF1-73F7B559D926}.Release|x86.ActiveCfg = Release|Any CPU
		{201442F1-8843-418B-AFF1-73F7B559D926}.Release|x86.Build.0 = Release|Any CPU
		{C33541EB-E15D-4A5E-829F-62370E19D9B9}.Debug|Any CPU.ActiveCfg = Debug|Any CPU
		{C33541EB-E15D-4A5E-829F-62370E19D9B9}.Debug|Any CPU.Build.0 = Debug|Any CPU
		{C33541EB-E15D-4A5E-829F-62370E19D9B9}.Release|Any CPU.ActiveCfg = Release|Any CPU
		{C33541EB-E15D-4A5E-829F-62370E19D9B9}.Release|Any CPU.Build.0 = Release|Any CPU
		{C33541EB-E15D-4A5E-829F-62370E19D9B9}.Release|x86.ActiveCfg = Release|Any CPU
		{C33541EB-E15D-4A5E-829F-62370E19D9B9}.Release|x86.Build.0 = Release|Any CPU
		{24E180BA-69BC-4640-9931-9D276D17F915}.Debug|Any CPU.ActiveCfg = Debug|Any CPU
		{24E180BA-69BC-4640-9931-9D276D17F915}.Debug|Any CPU.Build.0 = Debug|Any CPU
		{24E180BA-69BC-4640-9931-9D276D17F915}.Release|Any CPU.ActiveCfg = Release|Any CPU
		{24E180BA-69BC-4640-9931-9D276D17F915}.Release|Any CPU.Build.0 = Release|Any CPU
		{24E180BA-69BC-4640-9931-9D276D17F915}.Release|x86.ActiveCfg = Release|Any CPU
		{24E180BA-69BC-4640-9931-9D276D17F915}.Release|x86.Build.0 = Release|Any CPU
		{0E4F0CCE-13B4-452D-BD87-89B87C6E773B}.Debug|Any CPU.ActiveCfg = Debug|Any CPU
		{0E4F0CCE-13B4-452D-BD87-89B87C6E773B}.Debug|Any CPU.Build.0 = Debug|Any CPU
		{0E4F0CCE-13B4-452D-BD87-89B87C6E773B}.Release|Any CPU.ActiveCfg = Release|Any CPU
		{0E4F0CCE-13B4-452D-BD87-89B87C6E773B}.Release|Any CPU.Build.0 = Release|Any CPU
		{0E4F0CCE-13B4-452D-BD87-89B87C6E773B}.Release|x86.ActiveCfg = Release|Any CPU
		{0E4F0CCE-13B4-452D-BD87-89B87C6E773B}.Release|x86.Build.0 = Release|Any CPU
		{9AB8517D-4A7B-405F-AEED-4CA0A7BD99A3}.Debug|Any CPU.ActiveCfg = Debug|Any CPU
		{9AB8517D-4A7B-405F-AEED-4CA0A7BD99A3}.Debug|Any CPU.Build.0 = Debug|Any CPU
		{9AB8517D-4A7B-405F-AEED-4CA0A7BD99A3}.Release|Any CPU.ActiveCfg = Release|Any CPU
		{9AB8517D-4A7B-405F-AEED-4CA0A7BD99A3}.Release|Any CPU.Build.0 = Release|Any CPU
		{9AB8517D-4A7B-405F-AEED-4CA0A7BD99A3}.Release|x86.ActiveCfg = Release|Any CPU
		{9AB8517D-4A7B-405F-AEED-4CA0A7BD99A3}.Release|x86.Build.0 = Release|Any CPU
		{D619B5F5-96B7-4016-A661-419C1E648371}.Debug|Any CPU.ActiveCfg = Debug|Any CPU
		{D619B5F5-96B7-4016-A661-419C1E648371}.Debug|Any CPU.Build.0 = Debug|Any CPU
		{D619B5F5-96B7-4016-A661-419C1E648371}.Release|Any CPU.ActiveCfg = Release|Any CPU
		{D619B5F5-96B7-4016-A661-419C1E648371}.Release|Any CPU.Build.0 = Release|Any CPU
		{D619B5F5-96B7-4016-A661-419C1E648371}.Release|x86.ActiveCfg = Release|Any CPU
		{D619B5F5-96B7-4016-A661-419C1E648371}.Release|x86.Build.0 = Release|Any CPU
	EndGlobalSection
	GlobalSection(NestedProjects) = preSolution
	EndGlobalSection
EndGlobal
