
Microsoft Visual Studio Solution File, Format Version 12.00
# Visual Studio 2012
Project("{FAE04EC0-301F-11D3-BF4B-00C04F79EFBC}") = "TIS100-Sharp", "TIS100-Sharp\TIS100-Sharp.csproj", "{54844879-CB0E-45B6-B9E6-41A17BA1AC86}"
EndProject
Project("{FAE04EC0-301F-11D3-BF4B-00C04F79EFBC}") = "TIS100-Test", "TIS100-Test\TIS100-Test.csproj", "{201442F1-8843-418B-AFF1-73F7B559D926}"
EndProject
Global
	GlobalSection(SolutionConfigurationPlatforms) = preSolution
		Debug|Any CPU = Debug|Any CPU
		Release|Any CPU = Release|Any CPU
	EndGlobalSection
	GlobalSection(ProjectConfigurationPlatforms) = postSolution
		{54844879-CB0E-45B6-B9E6-41A17BA1AC86}.Debug|Any CPU.ActiveCfg = Debug|Any CPU
		{54844879-CB0E-45B6-B9E6-41A17BA1AC86}.Debug|Any CPU.Build.0 = Debug|Any CPU
		{54844879-CB0E-45B6-B9E6-41A17BA1AC86}.Release|Any CPU.ActiveCfg = Release|Any CPU
		{54844879-CB0E-45B6-B9E6-41A17BA1AC86}.Release|Any CPU.Build.0 = Release|Any CPU
		{201442F1-8843-418B-AFF1-73F7B559D926}.Debug|Any CPU.ActiveCfg = Debug|Any CPU
		{201442F1-8843-418B-AFF1-73F7B559D926}.Debug|Any CPU.Build.0 = Debug|Any CPU
		{201442F1-8843-418B-AFF1-73F7B559D926}.Release|Any CPU.ActiveCfg = Release|Any CPU
		{201442F1-8843-418B-AFF1-73F7B559D926}.Release|Any CPU.Build.0 = Release|Any CPU
	EndGlobalSection
EndGlobal
