
Microsoft Visual Studio Solution File, Format Version 12.00
# Visual Studio 2012
Project("{FAE04EC0-301F-11D3-BF4B-00C04F79EFBC}") = "TIS100-Sharp", "TIS100-Sharp\TIS100-Sharp.csproj", "{54844879-CB0E-45B6-B9E6-41A17BA1AC86}"
EndProject
Project("{FAE04EC0-301F-11D3-BF4B-00C04F79EFBC}") = "TIS100-Test", "TIS100-Test\TIS100-Test.csproj", "{201442F1-8843-418B-AFF1-73F7B559D926}"
EndProject
Project("{FAE04EC0-301F-11D3-BF4B-00C04F79EFBC}") = "expressionParser", "csly\samples\expressionParser\expressionParser.csproj", "{FFEF64A1-B45E-4CBC-9441-FFB0F90CDA53}"
EndProject
Project("{FAE04EC0-301F-11D3-BF4B-00C04F79EFBC}") = "jsonparser", "csly\samples\jsonparser\jsonparser.csproj", "{FB67B5A5-FBF4-4B5F-A760-5AFD67051489}"
EndProject
Project("{2150E333-8FDC-42A3-9474-1A3956D46DE8}") = "csly", "csly", "{A0F0ADC9-B3C4-4035-87FC-B0051E97627F}"
EndProject
Project("{FAE04EC0-301F-11D3-BF4B-00C04F79EFBC}") = "ParserExample", "csly\samples\ParserExample\ParserExample.csproj", "{D7B1F43C-4087-491A-A01B-32527DBEB4DD}"
EndProject
Project("{FAE04EC0-301F-11D3-BF4B-00C04F79EFBC}") = "ParserTests", "csly\ParserTests\ParserTests.csproj", "{281EFE79-3BB4-4296-8A7D-585AB463ED9D}"
EndProject
Project("{FAE04EC0-301F-11D3-BF4B-00C04F79EFBC}") = "sly", "csly\sly\sly.csproj", "{B11B99D8-490F-4D11-865B-028DA906E632}"
EndProject
Project("{FAE04EC0-301F-11D3-BF4B-00C04F79EFBC}") = "while", "csly\samples\while\while.csproj", "{836EB670-F467-46F5-BFC0-68DB4D0A3824}"
EndProject
Project("{FAE04EC0-301F-11D3-BF4B-00C04F79EFBC}") = "SimpleExpressionParser", "csly\samples\SimpleExpressionParser\SimpleExpressionParser.csproj", "{320A56FC-2F20-4BD0-AE7E-A4216D2C7841}"
EndProject
Project("{FAE04EC0-301F-11D3-BF4B-00C04F79EFBC}") = "GenericLexerWithCallbacks", "csly\samples\GenericLexerWithCallbacks\GenericLexerWithCallbacks.csproj", "{3E959C07-871B-4DFA-A6D0-923BAB807443}"
EndProject
Project("{FAE04EC0-301F-11D3-BF4B-00C04F79EFBC}") = "Brainfuck", "Brainfuck\Brainfuck.csproj", "{C33541EB-E15D-4A5E-829F-62370E19D9B9}"
EndProject
Project("{FAE04EC0-301F-11D3-BF4B-00C04F79EFBC}") = "Brainfuck-Test", "Brainfuck-Test\Brainfuck-Test.csproj", "{24E180BA-69BC-4640-9931-9D276D17F915}"
EndProject
Global
	GlobalSection(SolutionConfigurationPlatforms) = preSolution
		Debug|Any CPU = Debug|Any CPU
		Release|Any CPU = Release|Any CPU
		Release|x86 = Release|x86
	EndGlobalSection
	GlobalSection(ProjectConfigurationPlatforms) = postSolution
		{54844879-CB0E-45B6-B9E6-41A17BA1AC86}.Debug|Any CPU.ActiveCfg = Debug|Any CPU
		{54844879-CB0E-45B6-B9E6-41A17BA1AC86}.Debug|Any CPU.Build.0 = Debug|Any CPU
		{54844879-CB0E-45B6-B9E6-41A17BA1AC86}.Release|Any CPU.ActiveCfg = Release|Any CPU
		{54844879-CB0E-45B6-B9E6-41A17BA1AC86}.Release|Any CPU.Build.0 = Release|Any CPU
		{54844879-CB0E-45B6-B9E6-41A17BA1AC86}.Release|x86.ActiveCfg = Release|Any CPU
		{54844879-CB0E-45B6-B9E6-41A17BA1AC86}.Release|x86.Build.0 = Release|Any CPU
		{201442F1-8843-418B-AFF1-73F7B559D926}.Debug|Any CPU.ActiveCfg = Debug|Any CPU
		{201442F1-8843-418B-AFF1-73F7B559D926}.Debug|Any CPU.Build.0 = Debug|Any CPU
		{201442F1-8843-418B-AFF1-73F7B559D926}.Release|Any CPU.ActiveCfg = Release|Any CPU
		{201442F1-8843-418B-AFF1-73F7B559D926}.Release|Any CPU.Build.0 = Release|Any CPU
		{201442F1-8843-418B-AFF1-73F7B559D926}.Release|x86.ActiveCfg = Release|Any CPU
		{201442F1-8843-418B-AFF1-73F7B559D926}.Release|x86.Build.0 = Release|Any CPU
		{FFEF64A1-B45E-4CBC-9441-FFB0F90CDA53}.Debug|Any CPU.ActiveCfg = Debug|Any CPU
		{FFEF64A1-B45E-4CBC-9441-FFB0F90CDA53}.Debug|Any CPU.Build.0 = Debug|Any CPU
		{FFEF64A1-B45E-4CBC-9441-FFB0F90CDA53}.Release|Any CPU.ActiveCfg = Release|Any CPU
		{FFEF64A1-B45E-4CBC-9441-FFB0F90CDA53}.Release|Any CPU.Build.0 = Release|Any CPU
		{FFEF64A1-B45E-4CBC-9441-FFB0F90CDA53}.Release|x86.ActiveCfg = Release|Any CPU
		{FFEF64A1-B45E-4CBC-9441-FFB0F90CDA53}.Release|x86.Build.0 = Release|Any CPU
		{FB67B5A5-FBF4-4B5F-A760-5AFD67051489}.Debug|Any CPU.ActiveCfg = Debug|Any CPU
		{FB67B5A5-FBF4-4B5F-A760-5AFD67051489}.Debug|Any CPU.Build.0 = Debug|Any CPU
		{FB67B5A5-FBF4-4B5F-A760-5AFD67051489}.Release|Any CPU.ActiveCfg = Release|Any CPU
		{FB67B5A5-FBF4-4B5F-A760-5AFD67051489}.Release|Any CPU.Build.0 = Release|Any CPU
		{FB67B5A5-FBF4-4B5F-A760-5AFD67051489}.Release|x86.ActiveCfg = Release|Any CPU
		{FB67B5A5-FBF4-4B5F-A760-5AFD67051489}.Release|x86.Build.0 = Release|Any CPU
		{D7B1F43C-4087-491A-A01B-32527DBEB4DD}.Debug|Any CPU.ActiveCfg = Debug|Any CPU
		{D7B1F43C-4087-491A-A01B-32527DBEB4DD}.Debug|Any CPU.Build.0 = Debug|Any CPU
		{D7B1F43C-4087-491A-A01B-32527DBEB4DD}.Release|Any CPU.ActiveCfg = Release|Any CPU
		{D7B1F43C-4087-491A-A01B-32527DBEB4DD}.Release|Any CPU.Build.0 = Release|Any CPU
		{D7B1F43C-4087-491A-A01B-32527DBEB4DD}.Release|x86.ActiveCfg = Release|Any CPU
		{D7B1F43C-4087-491A-A01B-32527DBEB4DD}.Release|x86.Build.0 = Release|Any CPU
		{281EFE79-3BB4-4296-8A7D-585AB463ED9D}.Debug|Any CPU.ActiveCfg = Debug|Any CPU
		{281EFE79-3BB4-4296-8A7D-585AB463ED9D}.Debug|Any CPU.Build.0 = Debug|Any CPU
		{281EFE79-3BB4-4296-8A7D-585AB463ED9D}.Release|Any CPU.ActiveCfg = Release|Any CPU
		{281EFE79-3BB4-4296-8A7D-585AB463ED9D}.Release|Any CPU.Build.0 = Release|Any CPU
		{281EFE79-3BB4-4296-8A7D-585AB463ED9D}.Release|x86.ActiveCfg = Release|Any CPU
		{281EFE79-3BB4-4296-8A7D-585AB463ED9D}.Release|x86.Build.0 = Release|Any CPU
		{B11B99D8-490F-4D11-865B-028DA906E632}.Debug|Any CPU.ActiveCfg = Debug|Any CPU
		{B11B99D8-490F-4D11-865B-028DA906E632}.Debug|Any CPU.Build.0 = Debug|Any CPU
		{B11B99D8-490F-4D11-865B-028DA906E632}.Release|Any CPU.ActiveCfg = Release|Any CPU
		{B11B99D8-490F-4D11-865B-028DA906E632}.Release|Any CPU.Build.0 = Release|Any CPU
		{B11B99D8-490F-4D11-865B-028DA906E632}.Release|x86.ActiveCfg = Release|x86
		{B11B99D8-490F-4D11-865B-028DA906E632}.Release|x86.Build.0 = Release|x86
		{836EB670-F467-46F5-BFC0-68DB4D0A3824}.Debug|Any CPU.ActiveCfg = Debug|Any CPU
		{836EB670-F467-46F5-BFC0-68DB4D0A3824}.Debug|Any CPU.Build.0 = Debug|Any CPU
		{836EB670-F467-46F5-BFC0-68DB4D0A3824}.Release|Any CPU.ActiveCfg = Release|Any CPU
		{836EB670-F467-46F5-BFC0-68DB4D0A3824}.Release|Any CPU.Build.0 = Release|Any CPU
		{836EB670-F467-46F5-BFC0-68DB4D0A3824}.Release|x86.ActiveCfg = Release|Any CPU
		{836EB670-F467-46F5-BFC0-68DB4D0A3824}.Release|x86.Build.0 = Release|Any CPU
		{320A56FC-2F20-4BD0-AE7E-A4216D2C7841}.Debug|Any CPU.ActiveCfg = Debug|Any CPU
		{320A56FC-2F20-4BD0-AE7E-A4216D2C7841}.Debug|Any CPU.Build.0 = Debug|Any CPU
		{320A56FC-2F20-4BD0-AE7E-A4216D2C7841}.Release|Any CPU.ActiveCfg = Release|Any CPU
		{320A56FC-2F20-4BD0-AE7E-A4216D2C7841}.Release|Any CPU.Build.0 = Release|Any CPU
		{320A56FC-2F20-4BD0-AE7E-A4216D2C7841}.Release|x86.ActiveCfg = Release|Any CPU
		{320A56FC-2F20-4BD0-AE7E-A4216D2C7841}.Release|x86.Build.0 = Release|Any CPU
		{3E959C07-871B-4DFA-A6D0-923BAB807443}.Debug|Any CPU.ActiveCfg = Debug|Any CPU
		{3E959C07-871B-4DFA-A6D0-923BAB807443}.Debug|Any CPU.Build.0 = Debug|Any CPU
		{3E959C07-871B-4DFA-A6D0-923BAB807443}.Release|Any CPU.ActiveCfg = Release|Any CPU
		{3E959C07-871B-4DFA-A6D0-923BAB807443}.Release|Any CPU.Build.0 = Release|Any CPU
		{3E959C07-871B-4DFA-A6D0-923BAB807443}.Release|x86.ActiveCfg = Release|Any CPU
		{3E959C07-871B-4DFA-A6D0-923BAB807443}.Release|x86.Build.0 = Release|Any CPU
		{C33541EB-E15D-4A5E-829F-62370E19D9B9}.Debug|Any CPU.ActiveCfg = Debug|Any CPU
		{C33541EB-E15D-4A5E-829F-62370E19D9B9}.Debug|Any CPU.Build.0 = Debug|Any CPU
		{C33541EB-E15D-4A5E-829F-62370E19D9B9}.Release|Any CPU.ActiveCfg = Release|Any CPU
		{C33541EB-E15D-4A5E-829F-62370E19D9B9}.Release|Any CPU.Build.0 = Release|Any CPU
		{C33541EB-E15D-4A5E-829F-62370E19D9B9}.Release|x86.ActiveCfg = Release|Any CPU
		{C33541EB-E15D-4A5E-829F-62370E19D9B9}.Release|x86.Build.0 = Release|Any CPU
		{24E180BA-69BC-4640-9931-9D276D17F915}.Debug|Any CPU.ActiveCfg = Debug|Any CPU
		{24E180BA-69BC-4640-9931-9D276D17F915}.Debug|Any CPU.Build.0 = Debug|Any CPU
		{24E180BA-69BC-4640-9931-9D276D17F915}.Release|Any CPU.ActiveCfg = Release|Any CPU
		{24E180BA-69BC-4640-9931-9D276D17F915}.Release|Any CPU.Build.0 = Release|Any CPU
		{24E180BA-69BC-4640-9931-9D276D17F915}.Release|x86.ActiveCfg = Release|Any CPU
		{24E180BA-69BC-4640-9931-9D276D17F915}.Release|x86.Build.0 = Release|Any CPU
	EndGlobalSection
	GlobalSection(NestedProjects) = preSolution
		{FFEF64A1-B45E-4CBC-9441-FFB0F90CDA53} = {A0F0ADC9-B3C4-4035-87FC-B0051E97627F}
		{FB67B5A5-FBF4-4B5F-A760-5AFD67051489} = {A0F0ADC9-B3C4-4035-87FC-B0051E97627F}
		{D7B1F43C-4087-491A-A01B-32527DBEB4DD} = {A0F0ADC9-B3C4-4035-87FC-B0051E97627F}
		{281EFE79-3BB4-4296-8A7D-585AB463ED9D} = {A0F0ADC9-B3C4-4035-87FC-B0051E97627F}
		{B11B99D8-490F-4D11-865B-028DA906E632} = {A0F0ADC9-B3C4-4035-87FC-B0051E97627F}
		{836EB670-F467-46F5-BFC0-68DB4D0A3824} = {A0F0ADC9-B3C4-4035-87FC-B0051E97627F}
		{320A56FC-2F20-4BD0-AE7E-A4216D2C7841} = {A0F0ADC9-B3C4-4035-87FC-B0051E97627F}
		{3E959C07-871B-4DFA-A6D0-923BAB807443} = {A0F0ADC9-B3C4-4035-87FC-B0051E97627F}
	EndGlobalSection
EndGlobal
